{
    "_readme": [
        "This file locks the dependencies of your project to a known state",
        "Read more about it at https://getcomposer.org/doc/01-basic-usage.md#installing-dependencies",
        "This file is @generated automatically"
    ],
    "content-hash": "6b95e64edd58e175e1c5ce7ca50305ef",
    "packages": [
        {
            "name": "adhocore/cli",
            "version": "0.8.3",
            "source": {
                "type": "git",
                "url": "https://github.com/adhocore/php-cli.git",
                "reference": "70d4a37d202174699dd0f4799ccb014c252a92b1"
            },
            "dist": {
                "type": "zip",
                "url": "https://api.github.com/repos/adhocore/php-cli/zipball/70d4a37d202174699dd0f4799ccb014c252a92b1",
                "reference": "70d4a37d202174699dd0f4799ccb014c252a92b1",
                "shasum": ""
            },
            "require": {
                "php": ">=7.0"
            },
            "require-dev": {
                "phpunit/phpunit": "^6.0"
            },
            "type": "library",
            "autoload": {
                "psr-4": {
                    "Ahc\\Cli\\": "src/"
                }
            },
            "notification-url": "https://packagist.org/downloads/",
            "license": [
                "MIT"
            ],
            "authors": [
                {
                    "name": "Jitendra Adhikari",
                    "email": "jiten.adhikary@gmail.com"
                }
            ],
            "description": "Command line interface library for PHP",
            "keywords": [
                "PHP7",
                "argument-parser",
                "argv-parser",
                "cli",
                "cli-action",
                "cli-app",
                "cli-color",
                "cli-option",
                "cli-writer",
                "command",
                "console",
                "console-app",
                "php-cli",
                "stream-input",
                "stream-output"
            ],
            "time": "2020-01-05T00:12:35+00:00"
        }
    ],
    "packages-dev": [
        {
            "name": "bamarni/composer-bin-plugin",
            "version": "1.4.1",
            "source": {
                "type": "git",
                "url": "https://github.com/bamarni/composer-bin-plugin.git",
                "reference": "9329fb0fbe29e0e1b2db8f4639a193e4f5406225"
            },
            "dist": {
                "type": "zip",
                "url": "https://api.github.com/repos/bamarni/composer-bin-plugin/zipball/9329fb0fbe29e0e1b2db8f4639a193e4f5406225",
                "reference": "9329fb0fbe29e0e1b2db8f4639a193e4f5406225",
                "shasum": ""
            },
            "require": {
                "composer-plugin-api": "^1.0 || ^2.0",
                "php": "^5.5.9 || ^7.0 || ^8.0"
            },
            "require-dev": {
                "composer/composer": "^1.0 || ^2.0",
                "symfony/console": "^2.5 || ^3.0 || ^4.0"
            },
            "type": "composer-plugin",
            "extra": {
                "class": "Bamarni\\Composer\\Bin\\Plugin"
            },
            "autoload": {
                "psr-4": {
                    "Bamarni\\Composer\\Bin\\": "src"
                }
            },
            "notification-url": "https://packagist.org/downloads/",
            "license": [
                "MIT"
            ],
            "description": "No conflicts for your bin dependencies",
            "keywords": [
                "composer",
                "conflict",
                "dependency",
                "executable",
                "isolation",
                "tool"
            ],
            "time": "2020-05-03T08:27:20+00:00"
        }
    ],
    "aliases": [],
    "minimum-stability": "stable",
    "stability-flags": [],
    "prefer-stable": false,
    "prefer-lowest": false,
    "platform": [],
    "platform-dev": [],
    "plugin-api-version": "1.1.0"
}
