{
    "_readme": [
        "This file locks the dependencies of your project to a known state",
        "Read more about it at https://getcomposer.org/doc/01-basic-usage.md#installing-dependencies",
        "This file is @generated automatically"
    ],
    "content-hash": "789f1bcf632c536ccd0efa56c7be3d4a",
    "packages": [
        {
            "name": "adhocore/cli",
            "version": "0.8.3",
            "source": {
                "type": "git",
                "url": "https://github.com/adhocore/php-cli.git",
                "reference": "70d4a37d202174699dd0f4799ccb014c252a92b1"
            },
            "dist": {
                "type": "zip",
                "url": "https://api.github.com/repos/adhocore/php-cli/zipball/70d4a37d202174699dd0f4799ccb014c252a92b1",
                "reference": "70d4a37d202174699dd0f4799ccb014c252a92b1",
                "shasum": ""
            },
            "require": {
                "php": ">=7.0"
            },
            "require-dev": {
                "phpunit/phpunit": "^6.0"
            },
            "type": "library",
            "autoload": {
                "psr-4": {
                    "Ahc\\Cli\\": "src/"
                }
            },
            "notification-url": "https://packagist.org/downloads/",
            "license": [
                "MIT"
            ],
            "authors": [
                {
                    "name": "Jitendra Adhikari",
                    "email": "jiten.adhikary@gmail.com"
                }
            ],
            "description": "Command line interface library for PHP",
            "keywords": [
                "PHP7",
                "argument-parser",
                "argv-parser",
                "cli",
                "cli-action",
                "cli-app",
                "cli-color",
                "cli-option",
                "cli-writer",
                "command",
                "console",
                "console-app",
                "php-cli",
                "stream-input",
                "stream-output"
            ],
            "time": "2020-01-05T00:12:35+00:00"
        }
    ],
    "packages-dev": [],
    "aliases": [],
    "minimum-stability": "stable",
    "stability-flags": [],
    "prefer-stable": false,
    "prefer-lowest": false,
    "platform": [],
    "platform-dev": [],
    "plugin-api-version": "1.1.0"
}
